// !$*UTF8*$!
{
	archiveVersion = 1;
	classes = {
	};
	objectVersion = 51;
	objects = {

/* Begin PBXBuildFile section */
		3F03AC752636A5B2009E0CC5 /* CustomTextField.swift in Sources */ = {isa = PBXBuildFile; fileRef = 3F03AC742636A5B1009E0CC5 /* CustomTextField.swift */; };
		3F03AC782636C1E7009E0CC5 /* AddTripTableViewController.swift in Sources */ = {isa = PBXBuildFile; fileRef = 3F03AC772636C1E7009E0CC5 /* AddTripTableViewController.swift */; };
		3F13EE6E2614F88C00820668 /* MyUser.swift in Sources */ = {isa = PBXBuildFile; fileRef = 3F13EE6D2614F88C00820668 /* MyUser.swift */; };
		3F13EE712615021400820668 /* TripsViewController.swift in Sources */ = {isa = PBXBuildFile; fileRef = 3F13EE702615021400820668 /* TripsViewController.swift */; };
		3F1DB145262D8F700096BDC7 /* TripsTableViewCell.swift in Sources */ = {isa = PBXBuildFile; fileRef = 3F1DB143262D8F700096BDC7 /* TripsTableViewCell.swift */; };
		3F1DB146262D8F700096BDC7 /* TripsTableViewCell.xib in Resources */ = {isa = PBXBuildFile; fileRef = 3F1DB144262D8F700096BDC7 /* TripsTableViewCell.xib */; };
		3F4A5179261709EA00D6051F /* TripModel.swift in Sources */ = {isa = PBXBuildFile; fileRef = 3F4A5178261709EA00D6051F /* TripModel.swift */; };
		3F54D612260368120086A11E /* Login.storyboard in Resources */ = {isa = PBXBuildFile; fileRef = 3F54D611260368120086A11E /* Login.storyboard */; };
		3F54D615260368920086A11E /* LoginViewController.swift in Sources */ = {isa = PBXBuildFile; fileRef = 3F54D614260368920086A11E /* LoginViewController.swift */; };
		3F54D61926047C770086A11E /* SignInViewController.swift in Sources */ = {isa = PBXBuildFile; fileRef = 3F54D61826047C770086A11E /* SignInViewController.swift */; };
		3F54D61C2604997F0086A11E /* APIManager.swift in Sources */ = {isa = PBXBuildFile; fileRef = 3F54D61B2604997F0086A11E /* APIManager.swift */; };
		3F54D63326049F530086A11E /* AuthError.swift in Sources */ = {isa = PBXBuildFile; fileRef = 3F54D63226049F530086A11E /* AuthError.swift */; };
		3F54D63A2607E24A0086A11E /* MainTabBarViewController.swift in Sources */ = {isa = PBXBuildFile; fileRef = 3F54D6392607E24A0086A11E /* MainTabBarViewController.swift */; };
		3F54D6652613B2B30086A11E /* ProfileViewController.swift in Sources */ = {isa = PBXBuildFile; fileRef = 3F54D6642613B2B30086A11E /* ProfileViewController.swift */; };
		3F634F98262B6FB700EA2B8C /* ProfileStoryboards.storyboard in Resources */ = {isa = PBXBuildFile; fileRef = 3F634F97262B6FB700EA2B8C /* ProfileStoryboards.storyboard */; };
		3F634F9C262B741700EA2B8C /* DreamsStoryboard.storyboard in Resources */ = {isa = PBXBuildFile; fileRef = 3F634F9B262B741700EA2B8C /* DreamsStoryboard.storyboard */; };
		3F634F9F262B742800EA2B8C /* TripsStoryboard.storyboard in Resources */ = {isa = PBXBuildFile; fileRef = 3F634F9E262B742800EA2B8C /* TripsStoryboard.storyboard */; };
		3F634FA2262B743600EA2B8C /* HomeStoryboard.storyboard in Resources */ = {isa = PBXBuildFile; fileRef = 3F634FA1262B743600EA2B8C /* HomeStoryboard.storyboard */; };
		3F6EB8CE264EF62300C135D3 /* DatePicker .swift in Sources */ = {isa = PBXBuildFile; fileRef = 3F6EB8CD264EF62300C135D3 /* DatePicker .swift */; };
		3F6EB8D2264FDC2400C135D3 /* ImagePicker.swift in Sources */ = {isa = PBXBuildFile; fileRef = 3F6EB8D1264FDC2400C135D3 /* ImagePicker.swift */; };
		3FB888FA2616F9CE002C243F /* CustomView.swift in Sources */ = {isa = PBXBuildFile; fileRef = 3FB888F92616F9CE002C243F /* CustomView.swift */; };
		3FC06AF226033ADA00D9E722 /* AppDelegate.swift in Sources */ = {isa = PBXBuildFile; fileRef = 3FC06AF126033ADA00D9E722 /* AppDelegate.swift */; };
		3FC06AF426033ADA00D9E722 /* SceneDelegate.swift in Sources */ = {isa = PBXBuildFile; fileRef = 3FC06AF326033ADA00D9E722 /* SceneDelegate.swift */; };
		3FC06AF926033ADA00D9E722 /* Main.storyboard in Resources */ = {isa = PBXBuildFile; fileRef = 3FC06AF726033ADA00D9E722 /* Main.storyboard */; };
		3FC06AFB26033ADB00D9E722 /* Assets.xcassets in Resources */ = {isa = PBXBuildFile; fileRef = 3FC06AFA26033ADB00D9E722 /* Assets.xcassets */; };
		3FC06AFE26033ADB00D9E722 /* LaunchScreen.storyboard in Resources */ = {isa = PBXBuildFile; fileRef = 3FC06AFC26033ADB00D9E722 /* LaunchScreen.storyboard */; };
		3FC06B0F260341C700D9E722 /* GoogleService-Info.plist in Resources */ = {isa = PBXBuildFile; fileRef = 3FC06B0E260341C700D9E722 /* GoogleService-Info.plist */; };
		CAB5404455FEC4E030EE1556 /* Pods_MyTrips_V2.framework in Frameworks */ = {isa = PBXBuildFile; fileRef = D9BB65605450D3163CD4FF9F /* Pods_MyTrips_V2.framework */; };
/* End PBXBuildFile section */

/* Begin PBXFileReference section */
		3F03AC742636A5B1009E0CC5 /* CustomTextField.swift */ = {isa = PBXFileReference; lastKnownFileType = sourcecode.swift; path = CustomTextField.swift; sourceTree = "<group>"; };
		3F03AC772636C1E7009E0CC5 /* AddTripTableViewController.swift */ = {isa = PBXFileReference; lastKnownFileType = sourcecode.swift; path = AddTripTableViewController.swift; sourceTree = "<group>"; };
		3F13EE6D2614F88C00820668 /* MyUser.swift */ = {isa = PBXFileReference; lastKnownFileType = sourcecode.swift; path = MyUser.swift; sourceTree = "<group>"; };
		3F13EE702615021400820668 /* TripsViewController.swift */ = {isa = PBXFileReference; lastKnownFileType = sourcecode.swift; path = TripsViewController.swift; sourceTree = "<group>"; };
		3F1DB143262D8F700096BDC7 /* TripsTableViewCell.swift */ = {isa = PBXFileReference; lastKnownFileType = sourcecode.swift; path = TripsTableViewCell.swift; sourceTree = "<group>"; };
		3F1DB144262D8F700096BDC7 /* TripsTableViewCell.xib */ = {isa = PBXFileReference; lastKnownFileType = file.xib; path = TripsTableViewCell.xib; sourceTree = "<group>"; };
		3F4A5178261709EA00D6051F /* TripModel.swift */ = {isa = PBXFileReference; lastKnownFileType = sourcecode.swift; path = TripModel.swift; sourceTree = "<group>"; };
		3F54D611260368120086A11E /* Login.storyboard */ = {isa = PBXFileReference; lastKnownFileType = file.storyboard; path = Login.storyboard; sourceTree = "<group>"; };
		3F54D614260368920086A11E /* LoginViewController.swift */ = {isa = PBXFileReference; lastKnownFileType = sourcecode.swift; path = LoginViewController.swift; sourceTree = "<group>"; };
		3F54D61826047C770086A11E /* SignInViewController.swift */ = {isa = PBXFileReference; lastKnownFileType = sourcecode.swift; path = SignInViewController.swift; sourceTree = "<group>"; };
		3F54D61B2604997F0086A11E /* APIManager.swift */ = {isa = PBXFileReference; lastKnownFileType = sourcecode.swift; path = APIManager.swift; sourceTree = "<group>"; };
		3F54D63226049F530086A11E /* AuthError.swift */ = {isa = PBXFileReference; lastKnownFileType = sourcecode.swift; path = AuthError.swift; sourceTree = "<group>"; };
		3F54D6392607E24A0086A11E /* MainTabBarViewController.swift */ = {isa = PBXFileReference; lastKnownFileType = sourcecode.swift; path = MainTabBarViewController.swift; sourceTree = "<group>"; };
		3F54D6642613B2B30086A11E /* ProfileViewController.swift */ = {isa = PBXFileReference; lastKnownFileType = sourcecode.swift; path = ProfileViewController.swift; sourceTree = "<group>"; };
		3F634F97262B6FB700EA2B8C /* ProfileStoryboards.storyboard */ = {isa = PBXFileReference; lastKnownFileType = file.storyboard; path = ProfileStoryboards.storyboard; sourceTree = "<group>"; };
		3F634F9B262B741700EA2B8C /* DreamsStoryboard.storyboard */ = {isa = PBXFileReference; lastKnownFileType = file.storyboard; path = DreamsStoryboard.storyboard; sourceTree = "<group>"; };
		3F634F9E262B742800EA2B8C /* TripsStoryboard.storyboard */ = {isa = PBXFileReference; lastKnownFileType = file.storyboard; path = TripsStoryboard.storyboard; sourceTree = "<group>"; };
		3F634FA1262B743600EA2B8C /* HomeStoryboard.storyboard */ = {isa = PBXFileReference; lastKnownFileType = file.storyboard; path = HomeStoryboard.storyboard; sourceTree = "<group>"; };
		3F6EB8CD264EF62300C135D3 /* DatePicker .swift */ = {isa = PBXFileReference; lastKnownFileType = sourcecode.swift; path = "DatePicker .swift"; sourceTree = "<group>"; };
		3F6EB8D1264FDC2400C135D3 /* ImagePicker.swift */ = {isa = PBXFileReference; lastKnownFileType = sourcecode.swift; path = ImagePicker.swift; sourceTree = "<group>"; };
		3FB888F92616F9CE002C243F /* CustomView.swift */ = {isa = PBXFileReference; lastKnownFileType = sourcecode.swift; path = CustomView.swift; sourceTree = "<group>"; };
		3FC06AEE26033ADA00D9E722 /* MyTrips.V2.app */ = {isa = PBXFileReference; explicitFileType = wrapper.application; includeInIndex = 0; path = MyTrips.V2.app; sourceTree = BUILT_PRODUCTS_DIR; };
		3FC06AF126033ADA00D9E722 /* AppDelegate.swift */ = {isa = PBXFileReference; lastKnownFileType = sourcecode.swift; path = AppDelegate.swift; sourceTree = "<group>"; };
		3FC06AF326033ADA00D9E722 /* SceneDelegate.swift */ = {isa = PBXFileReference; lastKnownFileType = sourcecode.swift; path = SceneDelegate.swift; sourceTree = "<group>"; };
		3FC06AF826033ADA00D9E722 /* Base */ = {isa = PBXFileReference; lastKnownFileType = file.storyboard; name = Base; path = Base.lproj/Main.storyboard; sourceTree = "<group>"; };
		3FC06AFA26033ADB00D9E722 /* Assets.xcassets */ = {isa = PBXFileReference; lastKnownFileType = folder.assetcatalog; path = Assets.xcassets; sourceTree = "<group>"; };
		3FC06AFD26033ADB00D9E722 /* Base */ = {isa = PBXFileReference; lastKnownFileType = file.storyboard; name = Base; path = Base.lproj/LaunchScreen.storyboard; sourceTree = "<group>"; };
		3FC06AFF26033ADB00D9E722 /* Info.plist */ = {isa = PBXFileReference; lastKnownFileType = text.plist.xml; path = Info.plist; sourceTree = "<group>"; };
		3FC06B0E260341C700D9E722 /* GoogleService-Info.plist */ = {isa = PBXFileReference; fileEncoding = 4; lastKnownFileType = text.plist.xml; path = "GoogleService-Info.plist"; sourceTree = "<group>"; };
		C3F799F3901309866AFC7FCD /* Pods-MyTrips.V2.release.xcconfig */ = {isa = PBXFileReference; includeInIndex = 1; lastKnownFileType = text.xcconfig; name = "Pods-MyTrips.V2.release.xcconfig"; path = "Target Support Files/Pods-MyTrips.V2/Pods-MyTrips.V2.release.xcconfig"; sourceTree = "<group>"; };
		D9BB65605450D3163CD4FF9F /* Pods_MyTrips_V2.framework */ = {isa = PBXFileReference; explicitFileType = wrapper.framework; includeInIndex = 0; path = Pods_MyTrips_V2.framework; sourceTree = BUILT_PRODUCTS_DIR; };
		DF1ECBDAA319529A1E3541DA /* Pods-MyTrips.V2.debug.xcconfig */ = {isa = PBXFileReference; includeInIndex = 1; lastKnownFileType = text.xcconfig; name = "Pods-MyTrips.V2.debug.xcconfig"; path = "Target Support Files/Pods-MyTrips.V2/Pods-MyTrips.V2.debug.xcconfig"; sourceTree = "<group>"; };
/* End PBXFileReference section */

/* Begin PBXFrameworksBuildPhase section */
		3FC06AEB26033ADA00D9E722 /* Frameworks */ = {
			isa = PBXFrameworksBuildPhase;
			buildActionMask = 2147483647;
			files = (
				CAB5404455FEC4E030EE1556 /* Pods_MyTrips_V2.framework in Frameworks */,
			);
			runOnlyForDeploymentPostprocessing = 0;
		};
/* End PBXFrameworksBuildPhase section */

/* Begin PBXGroup section */
		3F2D612426034E6800B3862C /* Controllers */ = {
			isa = PBXGroup;
			children = (
				3F54D614260368920086A11E /* LoginViewController.swift */,
				3F54D6392607E24A0086A11E /* MainTabBarViewController.swift */,
				3F54D61826047C770086A11E /* SignInViewController.swift */,
				3F54D6642613B2B30086A11E /* ProfileViewController.swift */,
				3F13EE702615021400820668 /* TripsViewController.swift */,
				3F1DB143262D8F700096BDC7 /* TripsTableViewCell.swift */,
				3F1DB144262D8F700096BDC7 /* TripsTableViewCell.xib */,
				3F03AC772636C1E7009E0CC5 /* AddTripTableViewController.swift */,
			);
			path = Controllers;
			sourceTree = "<group>";
		};
		3F2D612526034E8D00B3862C /* View */ = {
			isa = PBXGroup;
			children = (
				3FB888F92616F9CE002C243F /* CustomView.swift */,
				3F03AC742636A5B1009E0CC5 /* CustomTextField.swift */,
			);
			path = View;
			sourceTree = "<group>";
		};
		3F2D612626034E9500B3862C /* Models */ = {
			isa = PBXGroup;
			children = (
				3F13EE6D2614F88C00820668 /* MyUser.swift */,
				3F4A5178261709EA00D6051F /* TripModel.swift */,
			);
			path = Models;
			sourceTree = "<group>";
		};
		3F2D612726034E9E00B3862C /* Services */ = {
			isa = PBXGroup;
			children = (
				3F54D61B2604997F0086A11E /* APIManager.swift */,
			);
			path = Services;
			sourceTree = "<group>";
		};
		3F2D612826034EBB00B3862C /* Helpers */ = {
			isa = PBXGroup;
			children = (
				3F54D63226049F530086A11E /* AuthError.swift */,
			);
			path = Helpers;
			sourceTree = "<group>";
		};
		3F2D612926034EC300B3862C /* Storyboards */ = {
			isa = PBXGroup;
			children = (
				3FC06AF726033ADA00D9E722 /* Main.storyboard */,
				3F54D611260368120086A11E /* Login.storyboard */,
				3F634FA1262B743600EA2B8C /* HomeStoryboard.storyboard */,
				3F634F9E262B742800EA2B8C /* TripsStoryboard.storyboard */,
				3F634F9B262B741700EA2B8C /* DreamsStoryboard.storyboard */,
				3F634F97262B6FB700EA2B8C /* ProfileStoryboards.storyboard */,
				3FC06AFC26033ADB00D9E722 /* LaunchScreen.storyboard */,
			);
			path = Storyboards;
			sourceTree = "<group>";
		};
		3F2D612A26034EDF00B3862C /* Supporting files */ = {
			isa = PBXGroup;
			children = (
				3FC06B0E260341C700D9E722 /* GoogleService-Info.plist */,
				3FC06AFF26033ADB00D9E722 /* Info.plist */,
			);
			path = "Supporting files";
			sourceTree = "<group>";
		};
		3F2D612B26034EEB00B3862C /* Extensions */ = {
			isa = PBXGroup;
			children = (
				3F6EB8CD264EF62300C135D3 /* DatePicker .swift */,
				3F6EB8D1264FDC2400C135D3 /* ImagePicker.swift */,
			);
			path = Extensions;
			sourceTree = "<group>";
		};
		3FC06AE526033AD900D9E722 = {
			isa = PBXGroup;
			children = (
				3FC06AF026033ADA00D9E722 /* MyTrips.V2 */,
				3FC06AEF26033ADA00D9E722 /* Products */,
				71B4F33730F9C1834CC14AE8 /* Pods */,
				A6C365854A54F6850C868499 /* Frameworks */,
			);
			sourceTree = "<group>";
		};
		3FC06AEF26033ADA00D9E722 /* Products */ = {
			isa = PBXGroup;
			children = (
				3FC06AEE26033ADA00D9E722 /* MyTrips.V2.app */,
			);
			name = Products;
			sourceTree = "<group>";
		};
		3FC06AF026033ADA00D9E722 /* MyTrips.V2 */ = {
			isa = PBXGroup;
			children = (
				3FC06AF126033ADA00D9E722 /* AppDelegate.swift */,
				3FC06AF326033ADA00D9E722 /* SceneDelegate.swift */,
				3F2D612726034E9E00B3862C /* Services */,
				3F2D612626034E9500B3862C /* Models */,
				3F2D612426034E6800B3862C /* Controllers */,
				3F2D612526034E8D00B3862C /* View */,
				3F2D612826034EBB00B3862C /* Helpers */,
				3F2D612B26034EEB00B3862C /* Extensions */,
				3F2D612926034EC300B3862C /* Storyboards */,
				3F2D612A26034EDF00B3862C /* Supporting files */,
				3FC06AFA26033ADB00D9E722 /* Assets.xcassets */,
			);
			path = MyTrips.V2;
			sourceTree = "<group>";
		};
		71B4F33730F9C1834CC14AE8 /* Pods */ = {
			isa = PBXGroup;
			children = (
				DF1ECBDAA319529A1E3541DA /* Pods-MyTrips.V2.debug.xcconfig */,
				C3F799F3901309866AFC7FCD /* Pods-MyTrips.V2.release.xcconfig */,
			);
			path = Pods;
			sourceTree = "<group>";
		};
		A6C365854A54F6850C868499 /* Frameworks */ = {
			isa = PBXGroup;
			children = (
				D9BB65605450D3163CD4FF9F /* Pods_MyTrips_V2.framework */,
			);
			name = Frameworks;
			sourceTree = "<group>";
		};
/* End PBXGroup section */

/* Begin PBXNativeTarget section */
		3FC06AED26033ADA00D9E722 /* MyTrips.V2 */ = {
			isa = PBXNativeTarget;
			buildConfigurationList = 3FC06B0226033ADB00D9E722 /* Build configuration list for PBXNativeTarget "MyTrips.V2" */;
			buildPhases = (
				3DD11D93DD4B80135E0D8801 /* [CP] Check Pods Manifest.lock */,
				3FC06AEA26033ADA00D9E722 /* Sources */,
				3FC06AEB26033ADA00D9E722 /* Frameworks */,
				3FC06AEC26033ADA00D9E722 /* Resources */,
				83B6FC8A709545224F765791 /* [CP] Embed Pods Frameworks */,
			);
			buildRules = (
			);
			dependencies = (
			);
			name = MyTrips.V2;
			productName = MyTrips.V2;
			productReference = 3FC06AEE26033ADA00D9E722 /* MyTrips.V2.app */;
			productType = "com.apple.product-type.application";
		};
/* End PBXNativeTarget section */

/* Begin PBXProject section */
		3FC06AE626033AD900D9E722 /* Project object */ = {
			isa = PBXProject;
			attributes = {
				LastSwiftUpdateCheck = 1240;
				LastUpgradeCheck = 1240;
				TargetAttributes = {
					3FC06AED26033ADA00D9E722 = {
						CreatedOnToolsVersion = 12.4;
					};
				};
			};
			buildConfigurationList = 3FC06AE926033ADA00D9E722 /* Build configuration list for PBXProject "MyTrips.V2" */;
			compatibilityVersion = "Xcode 9.3";
			developmentRegion = en;
			hasScannedForEncodings = 0;
			knownRegions = (
				en,
				Base,
			);
			mainGroup = 3FC06AE526033AD900D9E722;
			productRefGroup = 3FC06AEF26033ADA00D9E722 /* Products */;
			projectDirPath = "";
			projectRoot = "";
			targets = (
				3FC06AED26033ADA00D9E722 /* MyTrips.V2 */,
			);
		};
/* End PBXProject section */

/* Begin PBXResourcesBuildPhase section */
		3FC06AEC26033ADA00D9E722 /* Resources */ = {
			isa = PBXResourcesBuildPhase;
			buildActionMask = 2147483647;
			files = (
				3F1DB146262D8F700096BDC7 /* TripsTableViewCell.xib in Resources */,
				3F634F9F262B742800EA2B8C /* TripsStoryboard.storyboard in Resources */,
				3F634F98262B6FB700EA2B8C /* ProfileStoryboards.storyboard in Resources */,
				3FC06AFE26033ADB00D9E722 /* LaunchScreen.storyboard in Resources */,
				3F54D612260368120086A11E /* Login.storyboard in Resources */,
				3FC06B0F260341C700D9E722 /* GoogleService-Info.plist in Resources */,
				3F634FA2262B743600EA2B8C /* HomeStoryboard.storyboard in Resources */,
				3FC06AFB26033ADB00D9E722 /* Assets.xcassets in Resources */,
				3FC06AF926033ADA00D9E722 /* Main.storyboard in Resources */,
				3F634F9C262B741700EA2B8C /* DreamsStoryboard.storyboard in Resources */,
			);
			runOnlyForDeploymentPostprocessing = 0;
		};
/* End PBXResourcesBuildPhase section */

/* Begin PBXShellScriptBuildPhase section */
		3DD11D93DD4B80135E0D8801 /* [CP] Check Pods Manifest.lock */ = {
			isa = PBXShellScriptBuildPhase;
			buildActionMask = 2147483647;
			files = (
			);
			inputFileListPaths = (
			);
			inputPaths = (
				"${PODS_PODFILE_DIR_PATH}/Podfile.lock",
				"${PODS_ROOT}/Manifest.lock",
			);
			name = "[CP] Check Pods Manifest.lock";
			outputFileListPaths = (
			);
			outputPaths = (
				"$(DERIVED_FILE_DIR)/Pods-MyTrips.V2-checkManifestLockResult.txt",
			);
			runOnlyForDeploymentPostprocessing = 0;
			shellPath = /bin/sh;
			shellScript = "diff \"${PODS_PODFILE_DIR_PATH}/Podfile.lock\" \"${PODS_ROOT}/Manifest.lock\" > /dev/null\nif [ $? != 0 ] ; then\n    # print error to STDERR\n    echo \"error: The sandbox is not in sync with the Podfile.lock. Run 'pod install' or update your CocoaPods installation.\" >&2\n    exit 1\nfi\n# This output is used by Xcode 'outputs' to avoid re-running this script phase.\necho \"SUCCESS\" > \"${SCRIPT_OUTPUT_FILE_0}\"\n";
			showEnvVarsInLog = 0;
		};
		83B6FC8A709545224F765791 /* [CP] Embed Pods Frameworks */ = {
			isa = PBXShellScriptBuildPhase;
			buildActionMask = 2147483647;
			files = (
			);
			inputFileListPaths = (
				"${PODS_ROOT}/Target Support Files/Pods-MyTrips.V2/Pods-MyTrips.V2-frameworks-${CONFIGURATION}-input-files.xcfilelist",
			);
			name = "[CP] Embed Pods Frameworks";
			outputFileListPaths = (
				"${PODS_ROOT}/Target Support Files/Pods-MyTrips.V2/Pods-MyTrips.V2-frameworks-${CONFIGURATION}-output-files.xcfilelist",
			);
			runOnlyForDeploymentPostprocessing = 0;
			shellPath = /bin/sh;
			shellScript = "\"${PODS_ROOT}/Target Support Files/Pods-MyTrips.V2/Pods-MyTrips.V2-frameworks.sh\"\n";
			showEnvVarsInLog = 0;
		};
/* End PBXShellScriptBuildPhase section */

/* Begin PBXSourcesBuildPhase section */
		3FC06AEA26033ADA00D9E722 /* Sources */ = {
			isa = PBXSourcesBuildPhase;
			buildActionMask = 2147483647;
			files = (
				3F03AC752636A5B2009E0CC5 /* CustomTextField.swift in Sources */,
				3F03AC782636C1E7009E0CC5 /* AddTripTableViewController.swift in Sources */,
				3F4A5179261709EA00D6051F /* TripModel.swift in Sources */,
				3F6EB8D2264FDC2400C135D3 /* ImagePicker.swift in Sources */,
				3F54D63A2607E24A0086A11E /* MainTabBarViewController.swift in Sources */,
				3F6EB8CE264EF62300C135D3 /* DatePicker .swift in Sources */,
				3F54D61C2604997F0086A11E /* APIManager.swift in Sources */,
				3F54D615260368920086A11E /* LoginViewController.swift in Sources */,
				3FC06AF226033ADA00D9E722 /* AppDelegate.swift in Sources */,
				3F54D61926047C770086A11E /* SignInViewController.swift in Sources */,
				3FC06AF426033ADA00D9E722 /* SceneDelegate.swift in Sources */,
				3F54D6652613B2B30086A11E /* ProfileViewController.swift in Sources */,
				3F13EE6E2614F88C00820668 /* MyUser.swift in Sources */,
				3FB888FA2616F9CE002C243F /* CustomView.swift in Sources */,
				3F54D63326049F530086A11E /* AuthError.swift in Sources */,
				3F1DB145262D8F700096BDC7 /* TripsTableViewCell.swift in Sources */,
				3F13EE712615021400820668 /* TripsViewController.swift in Sources */,
			);
			runOnlyForDeploymentPostprocessing = 0;
		};
/* End PBXSourcesBuildPhase section */

/* Begin PBXVariantGroup section */
		3FC06AF726033ADA00D9E722 /* Main.storyboard */ = {
			isa = PBXVariantGroup;
			children = (
				3FC06AF826033ADA00D9E722 /* Base */,
			);
			name = Main.storyboard;
			sourceTree = "<group>";
		};
		3FC06AFC26033ADB00D9E722 /* LaunchScreen.storyboard */ = {
			isa = PBXVariantGroup;
			children = (
				3FC06AFD26033ADB00D9E722 /* Base */,
			);
			name = LaunchScreen.storyboard;
			sourceTree = "<group>";
		};
/* End PBXVariantGroup section */

/* Begin XCBuildConfiguration section */
		3FC06B0026033ADB00D9E722 /* Debug */ = {
			isa = XCBuildConfiguration;
			buildSettings = {
				ALWAYS_SEARCH_USER_PATHS = NO;
				CLANG_ANALYZER_NONNULL = YES;
				CLANG_ANALYZER_NUMBER_OBJECT_CONVERSION = YES_AGGRESSIVE;
				CLANG_CXX_LANGUAGE_STANDARD = "gnu++14";
				CLANG_CXX_LIBRARY = "libc++";
				CLANG_ENABLE_MODULES = YES;
				CLANG_ENABLE_OBJC_ARC = YES;
				CLANG_ENABLE_OBJC_WEAK = YES;
				CLANG_WARN_BLOCK_CAPTURE_AUTORELEASING = YES;
				CLANG_WARN_BOOL_CONVERSION = YES;
				CLANG_WARN_COMMA = YES;
				CLANG_WARN_CONSTANT_CONVERSION = YES;
				CLANG_WARN_DEPRECATED_OBJC_IMPLEMENTATIONS = YES;
				CLANG_WARN_DIRECT_OBJC_ISA_USAGE = YES_ERROR;
				CLANG_WARN_DOCUMENTATION_COMMENTS = YES;
				CLANG_WARN_EMPTY_BODY = YES;
				CLANG_WARN_ENUM_CONVERSION = YES;
				CLANG_WARN_INFINITE_RECURSION = YES;
				CLANG_WARN_INT_CONVERSION = YES;
				CLANG_WARN_NON_LITERAL_NULL_CONVERSION = YES;
				CLANG_WARN_OBJC_IMPLICIT_RETAIN_SELF = YES;
				CLANG_WARN_OBJC_LITERAL_CONVERSION = YES;
				CLANG_WARN_OBJC_ROOT_CLASS = YES_ERROR;
				CLANG_WARN_QUOTED_INCLUDE_IN_FRAMEWORK_HEADER = YES;
				CLANG_WARN_RANGE_LOOP_ANALYSIS = YES;
				CLANG_WARN_STRICT_PROTOTYPES = YES;
				CLANG_WARN_SUSPICIOUS_MOVE = YES;
				CLANG_WARN_UNGUARDED_AVAILABILITY = YES_AGGRESSIVE;
				CLANG_WARN_UNREACHABLE_CODE = YES;
				CLANG_WARN__DUPLICATE_METHOD_MATCH = YES;
				COPY_PHASE_STRIP = NO;
				DEBUG_INFORMATION_FORMAT = dwarf;
				ENABLE_STRICT_OBJC_MSGSEND = YES;
				ENABLE_TESTABILITY = YES;
				GCC_C_LANGUAGE_STANDARD = gnu11;
				GCC_DYNAMIC_NO_PIC = NO;
				GCC_NO_COMMON_BLOCKS = YES;
				GCC_OPTIMIZATION_LEVEL = 0;
				GCC_PREPROCESSOR_DEFINITIONS = (
					"DEBUG=1",
					"$(inherited)",
				);
				GCC_WARN_64_TO_32_BIT_CONVERSION = YES;
				GCC_WARN_ABOUT_RETURN_TYPE = YES_ERROR;
				GCC_WARN_UNDECLARED_SELECTOR = YES;
				GCC_WARN_UNINITIALIZED_AUTOS = YES_AGGRESSIVE;
				GCC_WARN_UNUSED_FUNCTION = YES;
				GCC_WARN_UNUSED_VARIABLE = YES;
				IPHONEOS_DEPLOYMENT_TARGET = 13.6;
				MTL_ENABLE_DEBUG_INFO = INCLUDE_SOURCE;
				MTL_FAST_MATH = YES;
				ONLY_ACTIVE_ARCH = YES;
				SDKROOT = iphoneos;
				SWIFT_ACTIVE_COMPILATION_CONDITIONS = DEBUG;
				SWIFT_OPTIMIZATION_LEVEL = "-Onone";
			};
			name = Debug;
		};
		3FC06B0126033ADB00D9E722 /* Release */ = {
			isa = XCBuildConfiguration;
			buildSettings = {
				ALWAYS_SEARCH_USER_PATHS = NO;
				CLANG_ANALYZER_NONNULL = YES;
				CLANG_ANALYZER_NUMBER_OBJECT_CONVERSION = YES_AGGRESSIVE;
				CLANG_CXX_LANGUAGE_STANDARD = "gnu++14";
				CLANG_CXX_LIBRARY = "libc++";
				CLANG_ENABLE_MODULES = YES;
				CLANG_ENABLE_OBJC_ARC = YES;
				CLANG_ENABLE_OBJC_WEAK = YES;
				CLANG_WARN_BLOCK_CAPTURE_AUTORELEASING = YES;
				CLANG_WARN_BOOL_CONVERSION = YES;
				CLANG_WARN_COMMA = YES;
				CLANG_WARN_CONSTANT_CONVERSION = YES;
				CLANG_WARN_DEPRECATED_OBJC_IMPLEMENTATIONS = YES;
				CLANG_WARN_DIRECT_OBJC_ISA_USAGE = YES_ERROR;
				CLANG_WARN_DOCUMENTATION_COMMENTS = YES;
				CLANG_WARN_EMPTY_BODY = YES;
				CLANG_WARN_ENUM_CONVERSION = YES;
				CLANG_WARN_INFINITE_RECURSION = YES;
				CLANG_WARN_INT_CONVERSION = YES;
				CLANG_WARN_NON_LITERAL_NULL_CONVERSION = YES;
				CLANG_WARN_OBJC_IMPLICIT_RETAIN_SELF = YES;
				CLANG_WARN_OBJC_LITERAL_CONVERSION = YES;
				CLANG_WARN_OBJC_ROOT_CLASS = YES_ERROR;
				CLANG_WARN_QUOTED_INCLUDE_IN_FRAMEWORK_HEADER = YES;
				CLANG_WARN_RANGE_LOOP_ANALYSIS = YES;
				CLANG_WARN_STRICT_PROTOTYPES = YES;
				CLANG_WARN_SUSPICIOUS_MOVE = YES;
				CLANG_WARN_UNGUARDED_AVAILABILITY = YES_AGGRESSIVE;
				CLANG_WARN_UNREACHABLE_CODE = YES;
				CLANG_WARN__DUPLICATE_METHOD_MATCH = YES;
				COPY_PHASE_STRIP = NO;
				DEBUG_INFORMATION_FORMAT = "dwarf-with-dsym";
				ENABLE_NS_ASSERTIONS = NO;
				ENABLE_STRICT_OBJC_MSGSEND = YES;
				GCC_C_LANGUAGE_STANDARD = gnu11;
				GCC_NO_COMMON_BLOCKS = YES;
				GCC_WARN_64_TO_32_BIT_CONVERSION = YES;
				GCC_WARN_ABOUT_RETURN_TYPE = YES_ERROR;
				GCC_WARN_UNDECLARED_SELECTOR = YES;
				GCC_WARN_UNINITIALIZED_AUTOS = YES_AGGRESSIVE;
				GCC_WARN_UNUSED_FUNCTION = YES;
				GCC_WARN_UNUSED_VARIABLE = YES;
				IPHONEOS_DEPLOYMENT_TARGET = 13.6;
				MTL_ENABLE_DEBUG_INFO = NO;
				MTL_FAST_MATH = YES;
				SDKROOT = iphoneos;
				SWIFT_COMPILATION_MODE = wholemodule;
				SWIFT_OPTIMIZATION_LEVEL = "-O";
				VALIDATE_PRODUCT = YES;
			};
			name = Release;
		};
		3FC06B0326033ADB00D9E722 /* Debug */ = {
			isa = XCBuildConfiguration;
			baseConfigurationReference = DF1ECBDAA319529A1E3541DA /* Pods-MyTrips.V2.debug.xcconfig */;
			buildSettings = {
				ASSETCATALOG_COMPILER_APPICON_NAME = AppIcon;
				ASSETCATALOG_COMPILER_GLOBAL_ACCENT_COLOR_NAME = AccentColor;
				CODE_SIGN_STYLE = Automatic;
				DEVELOPMENT_TEAM = XM58QFC27T;
				EXCLUDED_ARCHS = "";
				INFOPLIST_FILE = "$(SRCROOT)/MyTrips.V2/Supporting files/Info.plist";
				IPHONEOS_DEPLOYMENT_TARGET = 13.6;
				LD_RUNPATH_SEARCH_PATHS = (
					"$(inherited)",
					"@executable_path/Frameworks",
				);
				PRODUCT_BUNDLE_IDENTIFIER = "Sveta-Brass.MyTrips-V2";
				PRODUCT_NAME = "$(TARGET_NAME)";
				SWIFT_VERSION = 5.0;
				TARGETED_DEVICE_FAMILY = 1;
			};
			name = Debug;
		};
		3FC06B0426033ADB00D9E722 /* Release */ = {
			isa = XCBuildConfiguration;
			baseConfigurationReference = C3F799F3901309866AFC7FCD /* Pods-MyTrips.V2.release.xcconfig */;
			buildSettings = {
				ASSETCATALOG_COMPILER_APPICON_NAME = AppIcon;
				ASSETCATALOG_COMPILER_GLOBAL_ACCENT_COLOR_NAME = AccentColor;
				CODE_SIGN_STYLE = Automatic;
				DEVELOPMENT_TEAM = XM58QFC27T;
				EXCLUDED_ARCHS = "";
				INFOPLIST_FILE = "$(SRCROOT)/MyTrips.V2/Supporting files/Info.plist";
				IPHONEOS_DEPLOYMENT_TARGET = 13.6;
				LD_RUNPATH_SEARCH_PATHS = (
					"$(inherited)",
					"@executable_path/Frameworks",
				);
				PRODUCT_BUNDLE_IDENTIFIER = "Sveta-Brass.MyTrips-V2";
				PRODUCT_NAME = "$(TARGET_NAME)";
				SWIFT_VERSION = 5.0;
				TARGETED_DEVICE_FAMILY = 1;
			};
			name = Release;
		};
/* End XCBuildConfiguration section */

/* Begin XCConfigurationList section */
		3FC06AE926033ADA00D9E722 /* Build configuration list for PBXProject "MyTrips.V2" */ = {
			isa = XCConfigurationList;
			buildConfigurations = (
				3FC06B0026033ADB00D9E722 /* Debug */,
				3FC06B0126033ADB00D9E722 /* Release */,
			);
			defaultConfigurationIsVisible = 0;
			defaultConfigurationName = Release;
		};
		3FC06B0226033ADB00D9E722 /* Build configuration list for PBXNativeTarget "MyTrips.V2" */ = {
			isa = XCConfigurationList;
			buildConfigurations = (
				3FC06B0326033ADB00D9E722 /* Debug */,
				3FC06B0426033ADB00D9E722 /* Release */,
			);
			defaultConfigurationIsVisible = 0;
			defaultConfigurationName = Release;
		};
/* End XCConfigurationList section */
	};
	rootObject = 3FC06AE626033AD900D9E722 /* Project object */;
}
